
Microsoft Visual Studio Solution File, Format Version 12.00
# Visual Studio Version 17
VisualStudioVersion = 17.14.36518.9 d17.14
MinimumVisualStudioVersion = 10.0.40219.1
Project("{FAE04EC0-301F-11D3-BF4B-00C04F79EFBC}") = "TodoBackend", "TodoBackend\TodoBackend.csproj", "{D505D308-DE2D-4707-84ED-C0E1C470FD06}"
EndProject
Global
	GlobalSection(SolutionConfigurationPlatforms) = preSolution
		Debug|Any CPU = Debug|Any CPU
		Release|Any CPU = Release|Any CPU
	EndGlobalSection
	GlobalSection(ProjectConfigurationPlatforms) = postSolution
		{D505D308-DE2D-4707-84ED-C0E1C470FD06}.Debug|Any CPU.ActiveCfg = Debug|Any CPU
		{D505D308-DE2D-4707-84ED-C0E1C470FD06}.Debug|Any CPU.Build.0 = Debug|Any CPU
		{D505D308-DE2D-4707-84ED-C0E1C470FD06}.Release|Any CPU.ActiveCfg = Release|Any CPU
		{D505D308-DE2D-4707-84ED-C0E1C470FD06}.Release|Any CPU.Build.0 = Release|Any CPU
	EndGlobalSection
	GlobalSection(SolutionProperties) = preSolution
		HideSolutionNode = FALSE
	EndGlobalSection
	GlobalSection(ExtensibilityGlobals) = postSolution
		SolutionGuid = {D91C27E2-E999-4FC0-B269-B8AC6BA45650}
	EndGlobalSection
EndGlobal
